<?xml version="1.0" encoding="utf-8"?>
<Project ToolsVersion="4.0" xmlns="http://schemas.microsoft.com/developer/msbuild/2003">
  <ItemGroup>
    <Filter Include="Source Files">
      <UniqueIdentifier>{4FC737F1-C7A5-4376-A066-2A32D752A2FF}</UniqueIdentifier>
      <Extensions>cpp;c;cc;cxx;def;odl;idl;hpj;bat;asm;asmx</Extensions>
    </Filter>
    <Filter Include="Header Files">
      <UniqueIdentifier>{93995380-89BD-4b04-88EB-625FBE52EBFB}</UniqueIdentifier>
      <Extensions>h;hh;hpp;hxx;hm;inl;inc;xsd</Extensions>
    </Filter>
    <Filter Include="Resource Files">
      <UniqueIdentifier>{67DA6AB6-F800-4c08-8B7A-83BB121AAD01}</UniqueIdentifier>
      <Extensions>rc;ico;cur;bmp;dlg;rc2;rct;bin;rgs;gif;jpg;jpeg;jpe;resx;tiff;tif;png;wav</Extensions>
    </Filter>
  </ItemGroup>
  <ItemGroup>
    <ClCompile Include="stdafx.cpp">
      <Filter>Source Files</Filter>
    </ClCompile>
    <ClCompile Include="engine\Game.cpp">
      <Filter>Source Files</Filter>
    </ClCompile>
    <ClCompile Include="engine\main.cpp">
      <Filter>Source Files</Filter>
    </ClCompile>
    <ClCompile Include="engine\componets\animation\animationComponet.cpp">
      <Filter>Source Files</Filter>
    </ClCompile>
    <ClCompile Include="engine\componets\attributes\StatusComponet.cpp">
      <Filter>Source Files</Filter>
    </ClCompile>
    <ClCompile Include="engine\componets\combat\CombatSystem.cpp">
      <Filter>Source Files</Filter>
    </ClCompile>
    <ClCompile Include="engine\componets\dialouge\DialougeSystem.cpp">
      <Filter>Source Files</Filter>
    </ClCompile>
    <ClCompile Include="engine\componets\gui\BattleGUI.cpp">
      <Filter>Source Files</Filter>
    </ClCompile>
    <ClCompile Include="engine\componets\gui\GraphicsSettings.cpp">
      <Filter>Source Files</Filter>
    </ClCompile>
    <ClCompile Include="engine\componets\gui\GUI.cpp">
      <Filter>Source Files</Filter>
    </ClCompile>
    <ClCompile Include="engine\componets\gui\PlayerGUI.cpp">
      <Filter>Source Files</Filter>
    </ClCompile>
    <ClCompile Include="engine\componets\gui\PlayerGUITabs.cpp">
      <Filter>Source Files</Filter>
    </ClCompile>
    <ClCompile Include="engine\componets\hitbox\HitBoxComponet.cpp">
      <Filter>Source Files</Filter>
    </ClCompile>
    <ClCompile Include="engine\componets\movement\MovementComponets.cpp">
      <Filter>Source Files</Filter>
    </ClCompile>
    <ClCompile Include="engine\componets\skill\SkillComponent.cpp">
      <Filter>Source Files</Filter>
    </ClCompile>
    <ClCompile Include="engine\entities\Entity.cpp">
      <Filter>Source Files</Filter>
    </ClCompile>
    <ClCompile Include="engine\entities\enemy\Enemy.cpp">
      <Filter>Source Files</Filter>
    </ClCompile>
    <ClCompile Include="engine\entities\enemy\blerb\Blerb.cpp">
      <Filter>Source Files</Filter>
    </ClCompile>
    <ClCompile Include="engine\entities\enemy\blrb\Blrb.cpp">
      <Filter>Source Files</Filter>
    </ClCompile>
    <ClCompile Include="engine\entities\enemy\enemysystem\EnemySystem.cpp">
      <Filter>Source Files</Filter>
    </ClCompile>
    <ClCompile Include="engine\entities\player\Player.cpp">
      <Filter>Source Files</Filter>
    </ClCompile>
    <ClCompile Include="engine\inventory\Inventory.cpp">
      <Filter>Source Files</Filter>
    </ClCompile>
    <ClCompile Include="engine\items\Item.cpp">
      <Filter>Source Files</Filter>
    </ClCompile>
    <ClCompile Include="engine\items\consumables\Consumable_Item.cpp">
      <Filter>Source Files</Filter>
    </ClCompile>
    <ClCompile Include="engine\items\consumables\food\Apple.cpp">
      <Filter>Source Files</Filter>
    </ClCompile>
    <ClCompile Include="engine\items\consumables\potions\Potion.cpp">
      <Filter>Source Files</Filter>
    </ClCompile>
    <ClCompile Include="engine\items\misc\Coin.cpp">
      <Filter>Source Files</Filter>
    </ClCompile>
    <ClCompile Include="engine\items\weapons\Weapon.cpp">
      <Filter>Source Files</Filter>
    </ClCompile>
    <ClCompile Include="engine\items\weapons\sword\Sword.cpp">
      <Filter>Source Files</Filter>
    </ClCompile>
    <ClCompile Include="engine\map\TileMap.cpp">
      <Filter>Source Files</Filter>
    </ClCompile>
    <ClCompile Include="engine\states\MainMenuState.cpp">
      <Filter>Source Files</Filter>
    </ClCompile>
    <ClCompile Include="engine\states\PauseMenu.cpp">
      <Filter>Source Files</Filter>
    </ClCompile>
    <ClCompile Include="engine\states\SettingsState.cpp">
      <Filter>Source Files</Filter>
    </ClCompile>
    <ClCompile Include="engine\states\State.cpp">
      <Filter>Source Files</Filter>
    </ClCompile>
    <ClCompile Include="engine\states\editor\DefaultMode.cpp">
      <Filter>Source Files</Filter>
    </ClCompile>
    <ClCompile Include="engine\states\editor\EditorModes.cpp">
      <Filter>Source Files</Filter>
    </ClCompile>
    <ClCompile Include="engine\states\editor\EditorState.cpp">
      <Filter>Source Files</Filter>
    </ClCompile>
    <ClCompile Include="engine\states\editor\EnemyEditorMode.cpp">
      <Filter>Source Files</Filter>
    </ClCompile>
    <ClCompile Include="engine\states\editor\EnviornmentalMode.cpp">
      <Filter>Source Files</Filter>
    </ClCompile>
    <ClCompile Include="engine\states\gamestate\BattleState.cpp">
      <Filter>Source Files</Filter>
    </ClCompile>
    <ClCompile Include="engine\states\gamestate\GameState.cpp">
      <Filter>Source Files</Filter>
    </ClCompile>
    <ClCompile Include="engine\states\gamestate\OverWorld.cpp">
      <Filter>Source Files</Filter>
    </ClCompile>
    <ClCompile Include="engine\tiles\Tile.cpp">
      <Filter>Source Files</Filter>
    </ClCompile>
    <ClCompile Include="engine\tiles\enemyspawner\EnemySpawner.cpp">
      <Filter>Source Files</Filter>
    </ClCompile>
    <ClCompile Include="engine\tiles\light emitter\LightTile.cpp">
      <Filter>Source Files</Filter>
    </ClCompile>
    <ClCompile Include="engine\tiles\normal tile\NormalTile.cpp">
      <Filter>Source Files</Filter>
    </ClCompile>
  </ItemGroup>
  <ItemGroup>
    <ClInclude Include="stdafx.h">
      <Filter>Header Files</Filter>
    </ClInclude>
    <ClInclude Include="include\Enemies_Include.h">
      <Filter>Header Files</Filter>
    </ClInclude>
    <ClInclude Include="include\items_include .h">
      <Filter>Header Files</Filter>
    </ClInclude>
    <ClInclude Include="include\PlayerGUITabs.h">
      <Filter>Header Files</Filter>
    </ClInclude>
    <ClInclude Include="include\Tiles_Include.h">
      <Filter>Header Files</Filter>
    </ClInclude>
    <ClInclude Include="include\AnimationComponet.hpp">
      <Filter>Header Files</Filter>
    </ClInclude>
    <ClInclude Include="include\Apple.hpp">
      <Filter>Header Files</Filter>
    </ClInclude>
    <ClInclude Include="include\BattleGUI.hpp">
      <Filter>Header Files</Filter>
    </ClInclude>
    <ClInclude Include="include\BattleState.hpp">
      <Filter>Header Files</Filter>
    </ClInclude>
    <ClInclude Include="include\Blerb.hpp">
      <Filter>Header Files</Filter>
    </ClInclude>
    <ClInclude Include="include\Blrb.hpp">
      <Filter>Header Files</Filter>
    </ClInclude>
    <ClInclude Include="include\Coin.hpp">
      <Filter>Header Files</Filter>
    </ClInclude>
    <ClInclude Include="include\CombatSystem.hpp">
      <Filter>Header Files</Filter>
    </ClInclude>
    <ClInclude Include="include\Consumable_Item.hpp">
      <Filter>Header Files</Filter>
    </ClInclude>
    <ClInclude Include="include\DefaultMode.hpp">
      <Filter>Header Files</Filter>
    </ClInclude>
    <ClInclude Include="include\DialougeSystem.hpp">
      <Filter>Header Files</Filter>
    </ClInclude>
    <ClInclude Include="include\EditorModes.hpp">
      <Filter>Header Files</Filter>
    </ClInclude>
    <ClInclude Include="include\EditorState.hpp">
      <Filter>Header Files</Filter>
    </ClInclude>
    <ClInclude Include="include\Enemy.hpp">
      <Filter>Header Files</Filter>
    </ClInclude>
    <ClInclude Include="include\EnemyEditorMode.hpp">
      <Filter>Header Files</Filter>
    </ClInclude>
    <ClInclude Include="include\EnemySpawner.hpp">
      <Filter>Header Files</Filter>
    </ClInclude>
    <ClInclude Include="include\Entity.hpp">
      <Filter>Header Files</Filter>
    </ClInclude>
    <ClInclude Include="include\EnviornmentalMode.hpp">
      <Filter>Header Files</Filter>
    </ClInclude>
    <ClInclude Include="include\Game.hpp">
      <Filter>Header Files</Filter>
    </ClInclude>
    <ClInclude Include="include\GameState.hpp">
      <Filter>Header Files</Filter>
    </ClInclude>
    <ClInclude Include="include\GraphicsSettings.hpp">
      <Filter>Header Files</Filter>
    </ClInclude>
    <ClInclude Include="include\GUI.hpp">
      <Filter>Header Files</Filter>
    </ClInclude>
    <ClInclude Include="include\HitBoxComponet.hpp">
      <Filter>Header Files</Filter>
    </ClInclude>
    <ClInclude Include="include\Inventory.hpp">
      <Filter>Header Files</Filter>
    </ClInclude>
    <ClInclude Include="include\Item.hpp">
      <Filter>Header Files</Filter>
    </ClInclude>
    <ClInclude Include="include\LightTile.hpp">
      <Filter>Header Files</Filter>
    </ClInclude>
    <ClInclude Include="include\MovementComponets.hpp">
      <Filter>Header Files</Filter>
    </ClInclude>
    <ClInclude Include="include\NormalTile.hpp">
      <Filter>Header Files</Filter>
    </ClInclude>
    <ClInclude Include="include\OverWorld.hpp">
      <Filter>Header Files</Filter>
    </ClInclude>
    <ClInclude Include="include\PauseMenu.hpp">
      <Filter>Header Files</Filter>
    </ClInclude>
    <ClInclude Include="include\Player.hpp">
      <Filter>Header Files</Filter>
    </ClInclude>
    <ClInclude Include="include\PlayerGUI.hpp">
      <Filter>Header Files</Filter>
    </ClInclude>
    <ClInclude Include="include\Potion.hpp">
      <Filter>Header Files</Filter>
    </ClInclude>
    <ClInclude Include="include\ResourcePath.hpp">
      <Filter>Header Files</Filter>
    </ClInclude>
    <ClInclude Include="include\SettingsState.hpp">
      <Filter>Header Files</Filter>
    </ClInclude>
    <ClInclude Include="include\SkillComponent.hpp">
      <Filter>Header Files</Filter>
    </ClInclude>
    <ClInclude Include="include\State.hpp">
      <Filter>Header Files</Filter>
    </ClInclude>
    <ClInclude Include="include\StatusComponet.hpp">
      <Filter>Header Files</Filter>
    </ClInclude>
    <ClInclude Include="include\Sword.hpp">
      <Filter>Header Files</Filter>
    </ClInclude>
    <ClInclude Include="include\Tile.hpp">
      <Filter>Header Files</Filter>
    </ClInclude>
    <ClInclude Include="include\TileMap.hpp">
      <Filter>Header Files</Filter>
    </ClInclude>
    <ClInclude Include="include\Weapon.hpp">
      <Filter>Header Files</Filter>
    </ClInclude>
    <ClInclude Include="include\MainMenuState.hpp">
      <Filter>Header Files</Filter>
    </ClInclude>
    <ClInclude Include="include\EnemySystem.hpp">
      <Filter>Header Files</Filter>
    </ClInclude>
  </ItemGroup>
  <ItemGroup>
    <Font Include="Resources\Fonts\MONACO.TTF">
      <Filter>Resource Files</Filter>
    </Font>
    <Font Include="Resources\Fonts\PressStart2P.ttf">
      <Filter>Resource Files</Filter>
    </Font>
    <Font Include="Resources\Fonts\sansation.ttf">
      <Filter>Resource Files</Filter>
    </Font>
  </ItemGroup>
  <ItemGroup>
    <Image Include="Resources\Assets\Entity\EnemySheets\Blrb.png">
      <Filter>Resource Files</Filter>
    </Image>
    <Image Include="Resources\Assets\Entity\PlayerSheets\character_sheet.png">
      <Filter>Resource Files</Filter>
    </Image>
    <Image Include="Resources\Assets\Entity\PlayerSheets\nouveau_fichier.png">
      <Filter>Resource Files</Filter>
    </Image>
    <Image Include="Resources\Assets\Entity\PlayerSheets\pony2.png">
      <Filter>Resource Files</Filter>
    </Image>
    <Image Include="Resources\Assets\Entity\PlayerSheets\pony2.tif">
      <Filter>Resource Files</Filter>
    </Image>
    <Image Include="Resources\Assets\Entity\PlayerSheets\pony3.png">
      <Filter>Resource Files</Filter>
    </Image>
    <Image Include="Resources\Assets\Items\item_sheet.png">
      <Filter>Resource Files</Filter>
    </Image>
    <Image Include="Resources\Assets\Tiles\fuck.png">
      <Filter>Resource Files</Filter>
    </Image>
    <Image Include="Resources\Assets\Tiles\sheet.png">
      <Filter>Resource Files</Filter>
    </Image>
    <Image Include="Resources\Assets\Tiles\test.png">
      <Filter>Resource Files</Filter>
    </Image>
    <Image Include="Resources\Assets\Tiles\TileMap.png">
      <Filter>Resource Files</Filter>
    </Image>
    <Image Include="Resources\Assets\coins.png">
      <Filter>Resource Files</Filter>
    </Image>
    <Image Include="Resources\GUI\Buttons\red_button02.png">
      <Filter>Resource Files</Filter>
    </Image>
    <Image Include="Resources\GUI\Buttons\red_button04.png">
      <Filter>Resource Files</Filter>
    </Image>
    <Image Include="Resources\GUI\Buttons\red_button05.png">
      <Filter>Resource Files</Filter>
    </Image>
    <Image Include="Resources\GUI\Buttons\red_button06.png">
      <Filter>Resource Files</Filter>
    </Image>
    <Image Include="Resources\GUI\Buttons\red_button07.png">
      <Filter>Resource Files</Filter>
    </Image>
    <Image Include="Resources\GUI\Buttons\red_button08.png">
      <Filter>Resource Files</Filter>
    </Image>
    <Image Include="Resources\GUI\Buttons\red_button09.png">
      <Filter>Resource Files</Filter>
    </Image>
    <Image Include="Resources\GUI\Buttons\red_button10.png">
      <Filter>Resource Files</Filter>
    </Image>
    <Image Include="Resources\GUI\Buttons\red_button11.png">
      <Filter>Resource Files</Filter>
    </Image>
    <Image Include="Resources\GUI\Buttons\red_button12.png">
      <Filter>Resource Files</Filter>
    </Image>
    <Image Include="Resources\GUI\Buttons\red_button13.png">
      <Filter>Resource Files</Filter>
    </Image>
    <Image Include="Resources\GUI\Buttons\button.png">
      <Filter>Resource Files</Filter>
    </Image>
    <Image Include="Resources\GUI\Buttons\buttonclicked.png">
      <Filter>Resource Files</Filter>
    </Image>
    <Image Include="Resources\GUI\Buttons\red_button00.png">
      <Filter>Resource Files</Filter>
    </Image>
    <Image Include="Resources\GUI\Buttons\red_button01.png">
      <Filter>Resource Files</Filter>
    </Image>
    <Image Include="Resources\GUI\Slider\red_sliderRight.png">
      <Filter>Resource Files</Filter>
    </Image>
    <Image Include="Resources\GUI\TickBox\Grey\grey_box.png">
      <Filter>Resource Files</Filter>
    </Image>
    <Image Include="Resources\GUI\TickBox\Grey\grey_boxCheckmark.png">
      <Filter>Resource Files</Filter>
    </Image>
    <Image Include="Resources\GUI\TickBox\Grey\grey_boxCross.png">
      <Filter>Resource Files</Filter>
    </Image>
    <Image Include="Resources\GUI\TickBox\Grey\grey_boxTick.png">
      <Filter>Resource Files</Filter>
    </Image>
    <Image Include="Resources\GUI\TickBox\Orange\red_boxCross.png">
      <Filter>Resource Files</Filter>
    </Image>
    <Image Include="Resources\GUI\TickBox\Orange\red_boxTick.png">
      <Filter>Resource Files</Filter>
    </Image>
    <Image Include="Resources\GUI\TickBox\Orange\redBoxCheck.png">
      <Filter>Resource Files</Filter>
    </Image>
    <Image Include="Resources\GUI\grey_button02.png">
      <Filter>Resource Files</Filter>
    </Image>
    <Image Include="Resources\GUI\grey_button03.png">
      <Filter>Resource Files</Filter>
    </Image>
    <Image Include="Resources\GUI\grey_button04.png">
      <Filter>Resource Files</Filter>
    </Image>
    <Image Include="Resources\GUI\grey_button05.png">
      <Filter>Resource Files</Filter>
    </Image>
    <Image Include="Resources\GUI\grey_button06.png">
      <Filter>Resource Files</Filter>
    </Image>
  </ItemGroup>
  <ItemGroup>
    <None Include="packages.config" />
    <None Include="Data\Shader\fragment_shader.frag">
      <Filter>Resource Files</Filter>
    </None>
    <None Include="Data\Shader\vertex_shader.vert">
      <Filter>Resource Files</Filter>
    </None>
  </ItemGroup>
</Project>